
Microsoft Visual Studio Solution File, Format Version 12.00
# Visual Studio Version 16
VisualStudioVersion = 16.6.30114.105
MinimumVisualStudioVersion = 10.0.40219.1
Project("{FAE04EC0-301F-11D3-BF4B-00C04F79EFBC}") = "BasePaySdk", "BasePaySdk\BasePaySdk.csproj", "{C7920385-927C-4567-ABD7-AFDC614E6133}"
EndProject
Project("{FAE04EC0-301F-11D3-BF4B-00C04F79EFBC}") = "BasePayDemo", "BasePayDemo\BasePayDemo.csproj", "{09562814-75E8-49FB-9209-EFA439C6347C}"
EndProject
Global
	GlobalSection(SolutionConfigurationPlatforms) = preSolution
		Debug|Any CPU = Debug|Any CPU
		Debug|x64 = Debug|x64
		Debug|x86 = Debug|x86
		Release|Any CPU = Release|Any CPU
		Release|x64 = Release|x64
		Release|x86 = Release|x86
	EndGlobalSection
	GlobalSection(SolutionProperties) = preSolution
		HideSolutionNode = FALSE
	EndGlobalSection
	GlobalSection(ProjectConfigurationPlatforms) = postSolution
		{C7920385-927C-4567-ABD7-AFDC614E6133}.Debug|Any CPU.ActiveCfg = Debug|Any CPU
		{C7920385-927C-4567-ABD7-AFDC614E6133}.Debug|Any CPU.Build.0 = Debug|Any CPU
		{C7920385-927C-4567-ABD7-AFDC614E6133}.Debug|x64.ActiveCfg = Debug|Any CPU
		{C7920385-927C-4567-ABD7-AFDC614E6133}.Debug|x64.Build.0 = Debug|Any CPU
		{C7920385-927C-4567-ABD7-AFDC614E6133}.Debug|x86.ActiveCfg = Debug|Any CPU
		{C7920385-927C-4567-ABD7-AFDC614E6133}.Debug|x86.Build.0 = Debug|Any CPU
		{C7920385-927C-4567-ABD7-AFDC614E6133}.Release|Any CPU.ActiveCfg = Release|Any CPU
		{C7920385-927C-4567-ABD7-AFDC614E6133}.Release|Any CPU.Build.0 = Release|Any CPU
		{C7920385-927C-4567-ABD7-AFDC614E6133}.Release|x64.ActiveCfg = Release|Any CPU
		{C7920385-927C-4567-ABD7-AFDC614E6133}.Release|x64.Build.0 = Release|Any CPU
		{C7920385-927C-4567-ABD7-AFDC614E6133}.Release|x86.ActiveCfg = Release|Any CPU
		{C7920385-927C-4567-ABD7-AFDC614E6133}.Release|x86.Build.0 = Release|Any CPU
		{09562814-75E8-49FB-9209-EFA439C6347C}.Debug|Any CPU.ActiveCfg = Debug|Any CPU
		{09562814-75E8-49FB-9209-EFA439C6347C}.Debug|Any CPU.Build.0 = Debug|Any CPU
		{09562814-75E8-49FB-9209-EFA439C6347C}.Debug|x64.ActiveCfg = Debug|Any CPU
		{09562814-75E8-49FB-9209-EFA439C6347C}.Debug|x64.Build.0 = Debug|Any CPU
		{09562814-75E8-49FB-9209-EFA439C6347C}.Debug|x86.ActiveCfg = Debug|Any CPU
		{09562814-75E8-49FB-9209-EFA439C6347C}.Debug|x86.Build.0 = Debug|Any CPU
		{09562814-75E8-49FB-9209-EFA439C6347C}.Release|Any CPU.ActiveCfg = Release|Any CPU
		{09562814-75E8-49FB-9209-EFA439C6347C}.Release|Any CPU.Build.0 = Release|Any CPU
		{09562814-75E8-49FB-9209-EFA439C6347C}.Release|x64.ActiveCfg = Release|Any CPU
		{09562814-75E8-49FB-9209-EFA439C6347C}.Release|x64.Build.0 = Release|Any CPU
		{09562814-75E8-49FB-9209-EFA439C6347C}.Release|x86.ActiveCfg = Release|Any CPU
		{09562814-75E8-49FB-9209-EFA439C6347C}.Release|x86.Build.0 = Release|Any CPU
	EndGlobalSection
EndGlobal
